
Microsoft Visual Studio Solution File, Format Version 12.00
# Visual Studio Version 16
VisualStudioVersion = 16.0.33801.447
MinimumVisualStudioVersion = 10.0.40219.1
Project("{FAE04EC0-301F-11D3-BF4B-00C04F79EFBC}") = "Console_PropertyDescriptor", "Console_PropertyDescriptor\Console_PropertyDescriptor.csproj", "{FE9C9D4F-1E82-41AA-B76E-8354F43A394A}"
EndProject
Global
	GlobalSection(SolutionConfigurationPlatforms) = preSolution
		Debug|Any CPU = Debug|Any CPU
		Release|Any CPU = Release|Any CPU
	EndGlobalSection
	GlobalSection(ProjectConfigurationPlatforms) = postSolution
		{FE9C9D4F-1E82-41AA-B76E-8354F43A394A}.Debug|Any CPU.ActiveCfg = Debug|Any CPU
		{FE9C9D4F-1E82-41AA-B76E-8354F43A394A}.Debug|Any CPU.Build.0 = Debug|Any CPU
		{FE9C9D4F-1E82-41AA-B76E-8354F43A394A}.Release|Any CPU.ActiveCfg = Release|Any CPU
		{FE9C9D4F-1E82-41AA-B76E-8354F43A394A}.Release|Any CPU.Build.0 = Release|Any CPU
	EndGlobalSection
	GlobalSection(SolutionProperties) = preSolution
		HideSolutionNode = FALSE
	EndGlobalSection
	GlobalSection(ExtensibilityGlobals) = postSolution
		SolutionGuid = {9115ECF6-5198-421B-B496-F34A4ADF62E9}
	EndGlobalSection
EndGlobal
